
Microsoft Visual Studio Solution File, Format Version 12.00
# Visual Studio Version 17
VisualStudioVersion = 17.3.32811.315
MinimumVisualStudioVersion = 10.0.40219.1
Project("{FAE04EC0-301F-11D3-BF4B-00C04F79EFBC}") = "BTLSQL", "BTLSQL\BTLSQL.csproj", "{38BCD05B-48FB-4283-ABE3-FE71F5AE467B}"
EndProject
Global
	GlobalSection(SolutionConfigurationPlatforms) = preSolution
		Debug|Any CPU = Debug|Any CPU
		Release|Any CPU = Release|Any CPU
	EndGlobalSection
	GlobalSection(ProjectConfigurationPlatforms) = postSolution
		{38BCD05B-48FB-4283-ABE3-FE71F5AE467B}.Debug|Any CPU.ActiveCfg = Debug|Any CPU
		{38BCD05B-48FB-4283-ABE3-FE71F5AE467B}.Debug|Any CPU.Build.0 = Debug|Any CPU
		{38BCD05B-48FB-4283-ABE3-FE71F5AE467B}.Release|Any CPU.ActiveCfg = Release|Any CPU
		{38BCD05B-48FB-4283-ABE3-FE71F5AE467B}.Release|Any CPU.Build.0 = Release|Any CPU
	EndGlobalSection
	GlobalSection(SolutionProperties) = preSolution
		HideSolutionNode = FALSE
	EndGlobalSection
	GlobalSection(ExtensibilityGlobals) = postSolution
		SolutionGuid = {BCB01E33-C9C0-4764-AA6B-253E22756B9C}
	EndGlobalSection
EndGlobal
